
Microsoft Visual Studio Solution File, Format Version 12.00
# Visual Studio Version 17
VisualStudioVersion = 17.9.34714.143
MinimumVisualStudioVersion = 10.0.40219.1
Project("{FAE04EC0-301F-11D3-BF4B-00C04F79EFBC}") = "ShoppingCartApp", "ShoppingCartApp\ShoppingCartApp.csproj", "{F9AB22D5-B1B7-4AFC-9059-490E00EBBF14}"
EndProject
Project("{FAE04EC0-301F-11D3-BF4B-00C04F79EFBC}") = "Classes", "Classes\Classes.csproj", "{06ACC0E7-DC2A-479E-9C60-FB0345F77DAB}"
EndProject
Global
	GlobalSection(SolutionConfigurationPlatforms) = preSolution
		Debug|Any CPU = Debug|Any CPU
		Release|Any CPU = Release|Any CPU
	EndGlobalSection
	GlobalSection(ProjectConfigurationPlatforms) = postSolution
		{F9AB22D5-B1B7-4AFC-9059-490E00EBBF14}.Debug|Any CPU.ActiveCfg = Debug|Any CPU
		{F9AB22D5-B1B7-4AFC-9059-490E00EBBF14}.Debug|Any CPU.Build.0 = Debug|Any CPU
		{F9AB22D5-B1B7-4AFC-9059-490E00EBBF14}.Release|Any CPU.ActiveCfg = Release|Any CPU
		{F9AB22D5-B1B7-4AFC-9059-490E00EBBF14}.Release|Any CPU.Build.0 = Release|Any CPU
		{06ACC0E7-DC2A-479E-9C60-FB0345F77DAB}.Debug|Any CPU.ActiveCfg = Debug|Any CPU
		{06ACC0E7-DC2A-479E-9C60-FB0345F77DAB}.Debug|Any CPU.Build.0 = Debug|Any CPU
		{06ACC0E7-DC2A-479E-9C60-FB0345F77DAB}.Release|Any CPU.ActiveCfg = Release|Any CPU
		{06ACC0E7-DC2A-479E-9C60-FB0345F77DAB}.Release|Any CPU.Build.0 = Release|Any CPU
	EndGlobalSection
	GlobalSection(SolutionProperties) = preSolution
		HideSolutionNode = FALSE
	EndGlobalSection
	GlobalSection(ExtensibilityGlobals) = postSolution
		SolutionGuid = {B7CFD909-C08C-44A8-AB19-316D2D18447F}
	EndGlobalSection
EndGlobal
